
Microsoft Visual Studio Solution File, Format Version 11.00
# Visual Studio 2010
Project("{8BC9CEB8-8B4A-11D0-8D11-00A0C91BC942}") = "Hacker Evolution Duality", "Hacker Evolution Duality.vcxproj", "{8D7AFCCE-1F27-432C-B07A-B12ADC17E940}"
EndProject
Project("{2150E333-8FDC-42A3-9474-1A3956D46DE8}") = "Solution Items", "Solution Items", "{B8A2EEDF-8EC5-428C-AF31-08F88E32FB0A}"
EndProject
Global
	GlobalSection(SolutionConfigurationPlatforms) = preSolution
		Debug|Win32 = Debug|Win32
		Release|Win32 = Release|Win32
	EndGlobalSection
	GlobalSection(ProjectConfigurationPlatforms) = postSolution
		{8D7AFCCE-1F27-432C-B07A-B12ADC17E940}.Debug|Win32.ActiveCfg = Debug|Win32
		{8D7AFCCE-1F27-432C-B07A-B12ADC17E940}.Debug|Win32.Build.0 = Debug|Win32
		{8D7AFCCE-1F27-432C-B07A-B12ADC17E940}.Release|Win32.ActiveCfg = Release|Win32
		{8D7AFCCE-1F27-432C-B07A-B12ADC17E940}.Release|Win32.Build.0 = Release|Win32
	EndGlobalSection
	GlobalSection(SolutionProperties) = preSolution
		HideSolutionNode = FALSE
	EndGlobalSection
EndGlobal
