<?xml version="1.0" encoding="utf-8"?>
<Project ToolsVersion="4.0" xmlns="http://schemas.microsoft.com/developer/msbuild/2003">
  <ItemGroup>
    <Filter Include="Source Files">
      <UniqueIdentifier>{4FC737F1-C7A5-4376-A066-2A32D752A2FF}</UniqueIdentifier>
      <Extensions>cpp;c;cc;cxx;def;odl;idl;hpj;bat;asm;asmx</Extensions>
    </Filter>
    <Filter Include="Header Files">
      <UniqueIdentifier>{93995380-89BD-4b04-88EB-625FBE52EBFB}</UniqueIdentifier>
      <Extensions>h;hpp;hxx;hm;inl;inc;xsd</Extensions>
    </Filter>
    <Filter Include="Resource Files">
      <UniqueIdentifier>{67DA6AB6-F800-4c08-8B7A-83BB121AAD01}</UniqueIdentifier>
      <Extensions>rc;ico;cur;bmp;dlg;rc2;rct;bin;rgs;gif;jpg;jpeg;jpe;resx;tiff;tif;png;wav;mfcribbon-ms</Extensions>
    </Filter>
    <Filter Include="Libraries">
      <UniqueIdentifier>{d9fa465d-95e6-48d0-a7ab-a70b2515db6d}</UniqueIdentifier>
    </Filter>
  </ItemGroup>
  <ItemGroup>
    <ClCompile Include="..\bshInput.cpp">
      <Filter>Source Files</Filter>
    </ClCompile>
    <ClCompile Include="..\exoUtil.cpp">
      <Filter>Source Files</Filter>
    </ClCompile>
    <ClCompile Include="..\HackerEvolution.cpp">
      <Filter>Source Files</Filter>
    </ClCompile>
    <ClCompile Include="..\HackerEvolutionDefines.cpp">
      <Filter>Source Files</Filter>
    </ClCompile>
    <ClCompile Include="..\heCommandEngine.cpp">
      <Filter>Source Files</Filter>
    </ClCompile>
    <ClCompile Include="..\heEngine.cpp">
      <Filter>Source Files</Filter>
    </ClCompile>
    <ClCompile Include="..\heGameLevel.cpp">
      <Filter>Source Files</Filter>
    </ClCompile>
    <ClCompile Include="..\heGameWindow.cpp">
      <Filter>Source Files</Filter>
    </ClCompile>
    <ClCompile Include="..\heKeyStack.cpp">
      <Filter>Source Files</Filter>
    </ClCompile>
    <ClCompile Include="..\heLog.cpp">
      <Filter>Source Files</Filter>
    </ClCompile>
    <ClCompile Include="..\hePlayerInfo.cpp">
      <Filter>Source Files</Filter>
    </ClCompile>
    <ClCompile Include="..\heSystem.cpp">
      <Filter>Source Files</Filter>
    </ClCompile>
    <ClCompile Include="..\moduleRender_DirectX.cpp">
      <Filter>Source Files</Filter>
    </ClCompile>
    <ClCompile Include="..\bshAudioDirectX.cpp">
      <Filter>Source Files</Filter>
    </ClCompile>
    <ClCompile Include="..\bshAudioPlaylist.cpp">
      <Filter>Source Files</Filter>
    </ClCompile>
  </ItemGroup>
  <ItemGroup>
    <ClInclude Include="..\bshInput.h">
      <Filter>Header Files</Filter>
    </ClInclude>
    <ClInclude Include="..\exoUtil.h">
      <Filter>Header Files</Filter>
    </ClInclude>
    <ClInclude Include="..\HackerEvolution.h">
      <Filter>Header Files</Filter>
    </ClInclude>
    <ClInclude Include="..\HackerEvolutionDefines.h">
      <Filter>Header Files</Filter>
    </ClInclude>
    <ClInclude Include="..\HackerEvolutionLanguage.h">
      <Filter>Header Files</Filter>
    </ClInclude>
    <ClInclude Include="..\heCommandEngine.h">
      <Filter>Header Files</Filter>
    </ClInclude>
    <ClInclude Include="..\heEngine.h">
      <Filter>Header Files</Filter>
    </ClInclude>
    <ClInclude Include="..\heGameLevel.h">
      <Filter>Header Files</Filter>
    </ClInclude>
    <ClInclude Include="..\heGameWindow.h">
      <Filter>Header Files</Filter>
    </ClInclude>
    <ClInclude Include="..\heKeyStack.h">
      <Filter>Header Files</Filter>
    </ClInclude>
    <ClInclude Include="..\heLog.h">
      <Filter>Header Files</Filter>
    </ClInclude>
    <ClInclude Include="..\hePlayerInfo.h">
      <Filter>Header Files</Filter>
    </ClInclude>
    <ClInclude Include="..\heSystem.h">
      <Filter>Header Files</Filter>
    </ClInclude>
    <ClInclude Include="..\moduleRender.h">
      <Filter>Header Files</Filter>
    </ClInclude>
    <ClInclude Include="..\resource.h">
      <Filter>Header Files</Filter>
    </ClInclude>
    <ClInclude Include="resource1.h">
      <Filter>Header Files</Filter>
    </ClInclude>
    <ClInclude Include="..\language-packs\he_language_russian.h">
      <Filter>Header Files</Filter>
    </ClInclude>
    <ClInclude Include="..\bshAudioDirectX.h">
      <Filter>Header Files</Filter>
    </ClInclude>
    <ClInclude Include="..\bshAudioPlaylist.h">
      <Filter>Header Files</Filter>
    </ClInclude>
  </ItemGroup>
  <ItemGroup>
    <Library Include="..\contrib-libSDL\lib\x86\SDL2.lib">
      <Filter>Libraries</Filter>
    </Library>
    <Library Include="..\contrib-libSDL\lib\x86\SDL2main.lib">
      <Filter>Libraries</Filter>
    </Library>
    <Library Include="..\contrib-sdlimage\lib\x86\SDL2_image.lib">
      <Filter>Libraries</Filter>
    </Library>
    <Library Include="..\contrib-SDLmixer\lib\x86\SDL2_mixer.lib">
      <Filter>Libraries</Filter>
    </Library>
  </ItemGroup>
  <ItemGroup>
    <ResourceCompile Include="HackerEvolution.rc">
      <Filter>Resource Files</Filter>
    </ResourceCompile>
  </ItemGroup>
  <ItemGroup>
    <None Include="HackerEvolution">
      <Filter>Resource Files</Filter>
    </None>
    <None Include="..\2014-icon.ico">
      <Filter>Resource Files</Filter>
    </None>
    <None Include="..\..\gamerelease - internal\ChangeLog.txt" />
  </ItemGroup>
</Project>